// !$*UTF8*$!
{
	archiveVersion = 1;
	classes = {
	};
	objectVersion = 46;
	objects = {

/* Begin PBXBuildFile section */
		152785D41CC1556500C76EDB /* IMDBData.cpp in Sources */ = {isa = PBXBuildFile; fileRef = 152785CF1CC1556500C76EDB /* IMDBData.cpp */; };
		152785D51CC1556500C76EDB /* IMDBGraph.cpp in Sources */ = {isa = PBXBuildFile; fileRef = 152785D11CC1556500C76EDB /* IMDBGraph.cpp */; };
		152785D61CC1556500C76EDB /* main.cpp in Sources */ = {isa = PBXBuildFile; fileRef = 152785D31CC1556500C76EDB /* main.cpp */; };
/* End PBXBuildFile section */

/* Begin PBXCopyFilesBuildPhase section */
		15076EF01CC1549100B2D00E /* CopyFiles */ = {
			isa = PBXCopyFilesBuildPhase;
			buildActionMask = 2147483647;
			dstPath = /usr/share/man/man1/;
			dstSubfolderSpec = 0;
			files = (
			);
			runOnlyForDeploymentPostprocessing = 1;
		};
/* End PBXCopyFilesBuildPhase section */

/* Begin PBXFileReference section */
		15076EF21CC1549100B2D00E /* Mac */ = {isa = PBXFileReference; explicitFileType = "compiled.mach-o.executable"; includeInIndex = 0; path = Mac; sourceTree = BUILT_PRODUCTS_DIR; };
		152785CF1CC1556500C76EDB /* IMDBData.cpp */ = {isa = PBXFileReference; fileEncoding = 4; lastKnownFileType = sourcecode.cpp.cpp; path = IMDBData.cpp; sourceTree = "<group>"; };
		152785D01CC1556500C76EDB /* IMDBData.h */ = {isa = PBXFileReference; fileEncoding = 4; lastKnownFileType = sourcecode.c.h; path = IMDBData.h; sourceTree = "<group>"; };
		152785D11CC1556500C76EDB /* IMDBGraph.cpp */ = {isa = PBXFileReference; fileEncoding = 4; lastKnownFileType = sourcecode.cpp.cpp; path = IMDBGraph.cpp; sourceTree = "<group>"; };
		152785D21CC1556500C76EDB /* IMDBGraph.h */ = {isa = PBXFileReference; fileEncoding = 4; lastKnownFileType = sourcecode.c.h; path = IMDBGraph.h; sourceTree = "<group>"; };
		152785D31CC1556500C76EDB /* main.cpp */ = {isa = PBXFileReference; fileEncoding = 4; lastKnownFileType = sourcecode.cpp.cpp; path = main.cpp; sourceTree = "<group>"; };
/* End PBXFileReference section */

/* Begin PBXFrameworksBuildPhase section */
		15076EEF1CC1549100B2D00E /* Frameworks */ = {
			isa = PBXFrameworksBuildPhase;
			buildActionMask = 2147483647;
			files = (
			);
			runOnlyForDeploymentPostprocessing = 0;
		};
/* End PBXFrameworksBuildPhase section */

/* Begin PBXGroup section */
		15076EE91CC1549100B2D00E = {
			isa = PBXGroup;
			children = (
				152785D71CC1557000C76EDB /* DO NOT EDIT */,
				152785CF1CC1556500C76EDB /* IMDBData.cpp */,
				152785D01CC1556500C76EDB /* IMDBData.h */,
				15076EF31CC1549100B2D00E /* Products */,
			);
			sourceTree = "<group>";
		};
		15076EF31CC1549100B2D00E /* Products */ = {
			isa = PBXGroup;
			children = (
				15076EF21CC1549100B2D00E /* Mac */,
			);
			name = Products;
			sourceTree = "<group>";
		};
		152785D71CC1557000C76EDB /* DO NOT EDIT */ = {
			isa = PBXGroup;
			children = (
				152785D11CC1556500C76EDB /* IMDBGraph.cpp */,
				152785D21CC1556500C76EDB /* IMDBGraph.h */,
				152785D31CC1556500C76EDB /* main.cpp */,
			);
			name = "DO NOT EDIT";
			sourceTree = "<group>";
		};
/* End PBXGroup section */

/* Begin PBXNativeTarget section */
		15076EF11CC1549100B2D00E /* Mac */ = {
			isa = PBXNativeTarget;
			buildConfigurationList = 15076EF91CC1549100B2D00E /* Build configuration list for PBXNativeTarget "Mac" */;
			buildPhases = (
				15076EEE1CC1549100B2D00E /* Sources */,
				15076EEF1CC1549100B2D00E /* Frameworks */,
				15076EF01CC1549100B2D00E /* CopyFiles */,
			);
			buildRules = (
			);
			dependencies = (
			);
			name = Mac;
			productName = Mac;
			productReference = 15076EF21CC1549100B2D00E /* Mac */;
			productType = "com.apple.product-type.tool";
		};
/* End PBXNativeTarget section */

/* Begin PBXProject section */
		15076EEA1CC1549100B2D00E /* Project object */ = {
			isa = PBXProject;
			attributes = {
				LastUpgradeCheck = 0730;
				ORGANIZATIONNAME = "Nathan Greenfield";
				TargetAttributes = {
					15076EF11CC1549100B2D00E = {
						CreatedOnToolsVersion = 7.3;
					};
				};
			};
			buildConfigurationList = 15076EED1CC1549100B2D00E /* Build configuration list for PBXProject "Mac" */;
			compatibilityVersion = "Xcode 3.2";
			developmentRegion = English;
			hasScannedForEncodings = 0;
			knownRegions = (
				en,
			);
			mainGroup = 15076EE91CC1549100B2D00E;
			productRefGroup = 15076EF31CC1549100B2D00E /* Products */;
			projectDirPath = "";
			projectRoot = "";
			targets = (
				15076EF11CC1549100B2D00E /* Mac */,
			);
		};
/* End PBXProject section */

/* Begin PBXSourcesBuildPhase section */
		15076EEE1CC1549100B2D00E /* Sources */ = {
			isa = PBXSourcesBuildPhase;
			buildActionMask = 2147483647;
			files = (
				152785D51CC1556500C76EDB /* IMDBGraph.cpp in Sources */,
				152785D41CC1556500C76EDB /* IMDBData.cpp in Sources */,
				152785D61CC1556500C76EDB /* main.cpp in Sources */,
			);
			runOnlyForDeploymentPostprocessing = 0;
		};
/* End PBXSourcesBuildPhase section */

/* Begin XCBuildConfiguration section */
		15076EF71CC1549100B2D00E /* Debug */ = {
			isa = XCBuildConfiguration;
			buildSettings = {
				ALWAYS_SEARCH_USER_PATHS = NO;
				CLANG_ANALYZER_NONNULL = YES;
				CLANG_CXX_LANGUAGE_STANDARD = "gnu++0x";
				CLANG_CXX_LIBRARY = "libc++";
				CLANG_ENABLE_MODULES = YES;
				CLANG_ENABLE_OBJC_ARC = YES;
				CLANG_WARN_BOOL_CONVERSION = YES;
				CLANG_WARN_CONSTANT_CONVERSION = YES;
				CLANG_WARN_DIRECT_OBJC_ISA_USAGE = YES_ERROR;
				CLANG_WARN_EMPTY_BODY = YES;
				CLANG_WARN_ENUM_CONVERSION = YES;
				CLANG_WARN_INT_CONVERSION = YES;
				CLANG_WARN_OBJC_ROOT_CLASS = YES_ERROR;
				CLANG_WARN_UNREACHABLE_CODE = YES;
				CLANG_WARN__DUPLICATE_METHOD_MATCH = YES;
				CODE_SIGN_IDENTITY = "-";
				COPY_PHASE_STRIP = NO;
				DEBUG_INFORMATION_FORMAT = dwarf;
				ENABLE_STRICT_OBJC_MSGSEND = YES;
				ENABLE_TESTABILITY = YES;
				GCC_C_LANGUAGE_STANDARD = gnu99;
				GCC_DYNAMIC_NO_PIC = NO;
				GCC_NO_COMMON_BLOCKS = YES;
				GCC_OPTIMIZATION_LEVEL = 0;
				GCC_PREPROCESSOR_DEFINITIONS = (
					"DEBUG=1",
					"$(inherited)",
				);
				GCC_WARN_64_TO_32_BIT_CONVERSION = YES;
				GCC_WARN_ABOUT_RETURN_TYPE = YES_ERROR;
				GCC_WARN_UNDECLARED_SELECTOR = YES;
				GCC_WARN_UNINITIALIZED_AUTOS = YES_AGGRESSIVE;
				GCC_WARN_UNUSED_FUNCTION = YES;
				GCC_WARN_UNUSED_VARIABLE = YES;
				MACOSX_DEPLOYMENT_TARGET = 10.11;
				MTL_ENABLE_DEBUG_INFO = YES;
				ONLY_ACTIVE_ARCH = YES;
				SDKROOT = macosx;
			};
			name = Debug;
		};
		15076EF81CC1549100B2D00E /* Release */ = {
			isa = XCBuildConfiguration;
			buildSettings = {
				ALWAYS_SEARCH_USER_PATHS = NO;
				CLANG_ANALYZER_NONNULL = YES;
				CLANG_CXX_LANGUAGE_STANDARD = "gnu++0x";
				CLANG_CXX_LIBRARY = "libc++";
				CLANG_ENABLE_MODULES = YES;
				CLANG_ENABLE_OBJC_ARC = YES;
				CLANG_WARN_BOOL_CONVERSION = YES;
				CLANG_WARN_CONSTANT_CONVERSION = YES;
				CLANG_WARN_DIRECT_OBJC_ISA_USAGE = YES_ERROR;
				CLANG_WARN_EMPTY_BODY = YES;
				CLANG_WARN_ENUM_CONVERSION = YES;
				CLANG_WARN_INT_CONVERSION = YES;
				CLANG_WARN_OBJC_ROOT_CLASS = YES_ERROR;
				CLANG_WARN_UNREACHABLE_CODE = YES;
				CLANG_WARN__DUPLICATE_METHOD_MATCH = YES;
				CODE_SIGN_IDENTITY = "-";
				COPY_PHASE_STRIP = NO;
				DEBUG_INFORMATION_FORMAT = "dwarf-with-dsym";
				ENABLE_NS_ASSERTIONS = NO;
				ENABLE_STRICT_OBJC_MSGSEND = YES;
				GCC_C_LANGUAGE_STANDARD = gnu99;
				GCC_NO_COMMON_BLOCKS = YES;
				GCC_WARN_64_TO_32_BIT_CONVERSION = YES;
				GCC_WARN_ABOUT_RETURN_TYPE = YES_ERROR;
				GCC_WARN_UNDECLARED_SELECTOR = YES;
				GCC_WARN_UNINITIALIZED_AUTOS = YES_AGGRESSIVE;
				GCC_WARN_UNUSED_FUNCTION = YES;
				GCC_WARN_UNUSED_VARIABLE = YES;
				MACOSX_DEPLOYMENT_TARGET = 10.11;
				MTL_ENABLE_DEBUG_INFO = NO;
				SDKROOT = macosx;
			};
			name = Release;
		};
		15076EFA1CC1549100B2D00E /* Debug */ = {
			isa = XCBuildConfiguration;
			buildSettings = {
				MACOSX_DEPLOYMENT_TARGET = 10.10;
				PRODUCT_NAME = "$(TARGET_NAME)";
			};
			name = Debug;
		};
		15076EFB1CC1549100B2D00E /* Release */ = {
			isa = XCBuildConfiguration;
			buildSettings = {
				MACOSX_DEPLOYMENT_TARGET = 10.10;
				PRODUCT_NAME = "$(TARGET_NAME)";
			};
			name = Release;
		};
/* End XCBuildConfiguration section */

/* Begin XCConfigurationList section */
		15076EED1CC1549100B2D00E /* Build configuration list for PBXProject "Mac" */ = {
			isa = XCConfigurationList;
			buildConfigurations = (
				15076EF71CC1549100B2D00E /* Debug */,
				15076EF81CC1549100B2D00E /* Release */,
			);
			defaultConfigurationIsVisible = 0;
			defaultConfigurationName = Release;
		};
		15076EF91CC1549100B2D00E /* Build configuration list for PBXNativeTarget "Mac" */ = {
			isa = XCConfigurationList;
			buildConfigurations = (
				15076EFA1CC1549100B2D00E /* Debug */,
				15076EFB1CC1549100B2D00E /* Release */,
			);
			defaultConfigurationIsVisible = 0;
			defaultConfigurationName = Release;
		};
/* End XCConfigurationList section */
	};
	rootObject = 15076EEA1CC1549100B2D00E /* Project object */;
}
